github.com/cdvelop/output v0.0.11 h1:Q9xygeNgWmnguiRROnFoipmIKGounCz6zIx7Ak/XgNA=
github.com/cdvelop/output v0.0.11/go.mod h1:eSlRqRlTrEFNemzWnS37NkxmJSGdFm40UAguzAo6Yl8=
github.com/cdvelop/sqlite v0.0.71 h1:gaS7Cn5jvO8rig8ydmiFnSQ3seAQPRwwfFdOvyyS0f8=
github.com/cdvelop/sqlite v0.0.71/go.mod h1:9sDo4TBiBJ4qTjx8lUDbiy6gHDUPrHvQe+NkqDXP0nI=
github.com/cdvelop/timeserver v0.0.11 h1:Y1MqUhvj1+bKu59mRk5mvfxxR2Afcaa9LgLM1vCh7rI=
github.com/cdvelop/timeserver v0.0.11/go.mod h1:F7xhDnQy2p5DiTUn+xhVVnN0OeAePfzEmPSKkhqIAXA=
github.com/cdvelop/timetools v0.0.12 h1:bMrjuYeHdm8KEm74Pbg4zdG5HZRdwfdPAwoHRVYmOEk=
github.com/cdvelop/timetools v0.0.12/go.mod h1:Tt7sH60xJBELEmbzBP2xrAcawb/3b7Zez+r/kfl+IEc=
github.com/gabriel-vasile/mimetype v1.4.3 h1:in2uUcidCuFcDKtdcBxlR0rJ1+fsokWf+uqxgUFjbI0=
github.com/gabriel-vasile/mimetype v1.4.3/go.mod h1:d8uq/6HKRL6CGdk+aubisF/M5GcPfT7nKyLpA0lbSSk=
github.com/mattn/go-sqlite3 v1.14.17 h1:mCRHCLDUBXgpKAqIKsaAaAsrAlbkeomtRFKXh2L6YIM=
github.com/mattn/go-sqlite3 v1.14.17/go.mod h1:2eHXhiwb8IkHr+BDWZGa96P6+rkvnG63S2DGjv9HUNg=
golang.org/x/net v0.17.0 h1:pVaXccu2ozPjCXewfr1S7xza/zcXTity9cCdXQYSjIM=
golang.org/x/net v0.17.0/go.mod h1:NxSsAGuq816PNPmqtQdLE42eU2Fs7NoRIZrHJAlaCOE=
golang.org/x/text v0.13.0 h1:ablQoSUd0tRdKxZewP80B+BaqeKJuVhuRxj/dkrun3k=
golang.org/x/text v0.13.0/go.mod h1:TvPlkZtksWOMsz7fbANvkp4WM8x/WCo/om8BMLbz+aE=
