github.com/cdvelop/api v0.0.95 h1:OmKskj7lbZvXJ8a2XfJe0MhsxZW9fLSkHXR4joGAw1s=
github.com/cdvelop/api v0.0.95/go.mod h1:IMX/kVJQjIjk4oW2AVhGLgvT0UeLcW1NlNicYF5BsB0=
github.com/cdvelop/cutkey v1.0.12 h1:d4t/4+FqAyhY4V6qCj8whh2/M2g6pWYmu9mMDCjyvZc=
github.com/cdvelop/cutkey v1.0.12/go.mod h1:T0OMKAypuHWh/zNri5MTZZIt2Rjb0om/MRPLOfW+PQo=
github.com/cdvelop/dbtools v0.0.79 h1:fDda6y1/ltIkeVzCeUxjXDe9WRG2e0RjFOkuWPvK2l0=
github.com/cdvelop/dbtools v0.0.79/go.mod h1:qRZwbhjVwzY/pGPz+NfdDMlx04b3wCP0tAlN3hzeOqQ=
github.com/cdvelop/fetchserver v0.0.24 h1:W9DBbG9VnEts8yd6DmNwn1xhJUpfOIc414z4Pcay48Y=
github.com/cdvelop/fetchserver v0.0.24/go.mod h1:udyFEUTBJEJbaqr2yr2ggvGMjEcQd/A5GJq2cskb2Dw=
github.com/cdvelop/gotools v0.0.78 h1:LC5nFFGjdtbmqh77bTkf6Le12ACrFkqv1amwKHoKPac=
github.com/cdvelop/input v0.0.77 h1:2NQ9+/RgE+4ES7gi6RcBwK10gSMoTxdxQP+QsWxq28Q=
github.com/cdvelop/input v0.0.77/go.mod h1:phQj6lxRpgxcxaJljgESZ2EKKUVMcNXs+aYJj9vKmv8=
github.com/cdvelop/logserver v0.0.31 h1:6PdaCJSTcok5BykDU3/wYw2TAZPHnCbJ5oNlH9I7omU=
github.com/cdvelop/logserver v0.0.31/go.mod h1:3Fp1fwHapFu2tbbMGmpNWHLdVcSz5wkQUf6tFU9RPcU=
github.com/cdvelop/maps v0.0.8 h1:7pc/iRC5mhf91TB8TaGoXkyFloH1pH1TWbLBR4kZhZY=
github.com/cdvelop/maps v0.0.8/go.mod h1:00f/VqX/M0iiiY/BG2KxfxfFuoU5jAaNLEDGw7Tlduk=
github.com/cdvelop/object v0.0.65 h1:WZqXbJg1egjgHTNSf2cXDwKRPrnuIIPMIROrei+8NmA=
github.com/cdvelop/object v0.0.65/go.mod h1:Bz056wZXRcmDzc2MaMibwS4fPn5EqdmmfTlzaUkMHvg=
github.com/cdvelop/objectdb v0.0.109 h1:CQChsbn/+dU5OjLtyZk9ctpySmY2/uPwk5pNohYY/IU=
github.com/cdvelop/objectdb v0.0.109/go.mod h1:CuXqpCV/JbyQDLVnlf1qNLPT2GLFMO3SoX8ltHcCNgM=
github.com/cdvelop/output v0.0.16 h1:4hmAy0kF98dVEWj2qq6fMtiq3pz1ZTDmxf9AgHiBb7g=
github.com/cdvelop/output v0.0.16/go.mod h1:J0NdlSxlURjPlX82VUmaq7o9Z4omOSH0yLUoioPdELc=
github.com/cdvelop/sqlite v0.0.100 h1:y+OpD0CjWI8CNFj7FcQa7YKVcAAGSiagHHnDAup8J48=
github.com/cdvelop/sqlite v0.0.100/go.mod h1:3xBycV0sVPmPLr7mU0Qi/oeDI3mcToKixCtIBYPeNrc=
github.com/cdvelop/strings v0.0.9 h1:yDh2msl3EQja0dHw+oOHfD9ymQMa50KakKTkjsXDnvw=
github.com/cdvelop/strings v0.0.9/go.mod h1:zNexDeXHRETbMmlmNThQeM7ksRsvzrphsCfwuSxaURk=
github.com/cdvelop/structs v0.0.1 h1:9H4JUJ/dK1zaUOpIgay4xZpP3O/Jh991nErccKknKZ8=
github.com/cdvelop/structs v0.0.1/go.mod h1:dvym7DUgaMRqhdcDTgCQNkbuhr+HqfwdaDMeZTmIWEI=
github.com/cdvelop/timeserver v0.0.31 h1:+Yt1ydpmtNDMJbFu29hcnmkwtK+BW+gBQyhbVVAvnHg=
github.com/cdvelop/timeserver v0.0.31/go.mod h1:SlkQhKGvIxBfAlLDB3biA3JXbrvRRxwv28hyvfVMz0s=
github.com/cdvelop/timetools v0.0.32 h1:tQPO4BwrEBrIGVMZHhsoYYeu8UXyF6hicm/Q54SET6k=
github.com/cdvelop/timetools v0.0.32/go.mod h1:Y6C9bgqYnwI+WUuIiJs5VlfyNdVPsCN+42LxUB1S2yo=
github.com/cdvelop/unixid v0.0.46 h1:a30VgRooG2w1e0g0Xvcltvzino+NtEXsy1cXtYOiM4I=
github.com/cdvelop/unixid v0.0.46/go.mod h1:in5rAvZBhNVql/c3s+0LGjyeZJVoZnoGJcnKDX+4Oog=
github.com/gabriel-vasile/mimetype v1.4.3 h1:in2uUcidCuFcDKtdcBxlR0rJ1+fsokWf+uqxgUFjbI0=
github.com/gabriel-vasile/mimetype v1.4.3/go.mod h1:d8uq/6HKRL6CGdk+aubisF/M5GcPfT7nKyLpA0lbSSk=
github.com/mattn/go-sqlite3 v1.14.19 h1:fhGleo2h1p8tVChob4I9HpmVFIAkKGpiukdrgQbWfGI=
github.com/mattn/go-sqlite3 v1.14.19/go.mod h1:2eHXhiwb8IkHr+BDWZGa96P6+rkvnG63S2DGjv9HUNg=
golang.org/x/net v0.19.0 h1:zTwKpTd2XuCqf8huc7Fo2iSy+4RHPd10s4KzeTnVr1c=
golang.org/x/net v0.19.0/go.mod h1:CfAk/cbD4CthTvqiEl8NpboMuiuOYsAr/7NOjZJtv1U=
golang.org/x/text v0.14.0 h1:ScX5w1eTa3QqT8oi6+ziP7dTV1S2+ALU0bI+0zXKWiQ=
