github.com/cdvelop/dbtools v0.0.50 h1:3pSYMKKjm81CfqDAWLP/6PQBvpPUh+vxt2qAwHY33m4=
github.com/cdvelop/dbtools v0.0.50/go.mod h1:LBtcmU+zJ3+Q0Zr8eL3Lk24dUWNKDayFQ3Ey3jsixOk=
github.com/cdvelop/output v0.0.8 h1:o9B/L44n3zOfQCkURchpFaGEiRpOdmg4qe8Lleju/o4=
github.com/cdvelop/output v0.0.8/go.mod h1:SXfkWpNqkKU7GH/NAQM8U2uJB7IafJNPALyJkiyGOec=
github.com/cdvelop/sqlite v0.0.68 h1:IYA9TL+czJv+zoZAWvv+zVqVLNJHU8k9qLufvn6PlXo=
github.com/cdvelop/sqlite v0.0.68/go.mod h1:oIcPUn9Vg2bpr3Z+p/EdeTUYpMz4R1b5HkiBiy/ruKs=
github.com/cdvelop/testools v0.0.25 h1:hmESS1Ci3rPEIqi0jDcGTnPpG1emo0fK0tJR8DLsD3s=
github.com/cdvelop/testools v0.0.25/go.mod h1:svBCMnQMaq8TVPAv57XfXqZIC2UXH/RngN8Swyjsj9g=
github.com/cdvelop/timeserver v0.0.8 h1:AjNuDGwUE8viSxNhiRITWp8ZmaUHg5f+rhfE4hXLaI8=
github.com/cdvelop/timeserver v0.0.8/go.mod h1:Vkv/UjO7BFkL6FSSXGLFVEp7PSaBDpq1JgrKeJeszUo=
github.com/cdvelop/timetools v0.0.9 h1:QgibYu0HH19MBycVj8yDumvW/jZ5kimekiodv9qgFwI=
github.com/cdvelop/timetools v0.0.9/go.mod h1:RwKMHg37rbsOFORt6vpXwbWU9AtAnkoen5Iy+mInN4o=
github.com/gabriel-vasile/mimetype v1.4.3 h1:in2uUcidCuFcDKtdcBxlR0rJ1+fsokWf+uqxgUFjbI0=
github.com/gabriel-vasile/mimetype v1.4.3/go.mod h1:d8uq/6HKRL6CGdk+aubisF/M5GcPfT7nKyLpA0lbSSk=
github.com/mattn/go-sqlite3 v1.14.17 h1:mCRHCLDUBXgpKAqIKsaAaAsrAlbkeomtRFKXh2L6YIM=
github.com/mattn/go-sqlite3 v1.14.17/go.mod h1:2eHXhiwb8IkHr+BDWZGa96P6+rkvnG63S2DGjv9HUNg=
golang.org/x/net v0.17.0 h1:pVaXccu2ozPjCXewfr1S7xza/zcXTity9cCdXQYSjIM=
golang.org/x/net v0.17.0/go.mod h1:NxSsAGuq816PNPmqtQdLE42eU2Fs7NoRIZrHJAlaCOE=
golang.org/x/text v0.13.0 h1:ablQoSUd0tRdKxZewP80B+BaqeKJuVhuRxj/dkrun3k=
golang.org/x/text v0.13.0/go.mod h1:TvPlkZtksWOMsz7fbANvkp4WM8x/WCo/om8BMLbz+aE=
